
Microsoft Visual Studio Solution File, Format Version 12.00
# Visual Studio 2013
VisualStudioVersion = 12.0.21005.1
MinimumVisualStudioVersion = 10.0.40219.1
Project("{FAE04EC0-301F-11D3-BF4B-00C04F79EFBC}") = "The_Circle_Class", "The_Circle_Class\The_Circle_Class.csproj", "{2A8A0BD7-505C-4DA0-BB23-F38C6FE9657D}"
EndProject
Project("{FAE04EC0-301F-11D3-BF4B-00C04F79EFBC}") = "A_Simplified_Circle_Class", "A_Simplified_Circle_Class\A_Simplified_Circle_Class.csproj", "{88408919-AAD1-4C02-8D7B-F99DDEEE93A7}"
EndProject
Project("{FAE04EC0-301F-11D3-BF4B-00C04F79EFBC}") = "The_Rectangle_Class", "The_Rectangle_Class\The_Rectangle_Class.csproj", "{EAE5128A-90F1-4906-841A-33D2D68054D2}"
EndProject
Global
	GlobalSection(SolutionConfigurationPlatforms) = preSolution
		Debug|Any CPU = Debug|Any CPU
		Release|Any CPU = Release|Any CPU
	EndGlobalSection
	GlobalSection(ProjectConfigurationPlatforms) = postSolution
		{2A8A0BD7-505C-4DA0-BB23-F38C6FE9657D}.Debug|Any CPU.ActiveCfg = Debug|Any CPU
		{2A8A0BD7-505C-4DA0-BB23-F38C6FE9657D}.Debug|Any CPU.Build.0 = Debug|Any CPU
		{2A8A0BD7-505C-4DA0-BB23-F38C6FE9657D}.Release|Any CPU.ActiveCfg = Release|Any CPU
		{2A8A0BD7-505C-4DA0-BB23-F38C6FE9657D}.Release|Any CPU.Build.0 = Release|Any CPU
		{88408919-AAD1-4C02-8D7B-F99DDEEE93A7}.Debug|Any CPU.ActiveCfg = Debug|Any CPU
		{88408919-AAD1-4C02-8D7B-F99DDEEE93A7}.Debug|Any CPU.Build.0 = Debug|Any CPU
		{88408919-AAD1-4C02-8D7B-F99DDEEE93A7}.Release|Any CPU.ActiveCfg = Release|Any CPU
		{88408919-AAD1-4C02-8D7B-F99DDEEE93A7}.Release|Any CPU.Build.0 = Release|Any CPU
		{EAE5128A-90F1-4906-841A-33D2D68054D2}.Debug|Any CPU.ActiveCfg = Debug|Any CPU
		{EAE5128A-90F1-4906-841A-33D2D68054D2}.Debug|Any CPU.Build.0 = Debug|Any CPU
		{EAE5128A-90F1-4906-841A-33D2D68054D2}.Release|Any CPU.ActiveCfg = Release|Any CPU
		{EAE5128A-90F1-4906-841A-33D2D68054D2}.Release|Any CPU.Build.0 = Release|Any CPU
	EndGlobalSection
	GlobalSection(SolutionProperties) = preSolution
		HideSolutionNode = FALSE
	EndGlobalSection
EndGlobal
